{
  "name": "root",
  "lockfileVersion": 2,
  "requires": true,
  "packages": {
    "": {
      "name": "root",
      "workspaces": [
        "packages/a",
        "packages/b"
      ],
      "devDependencies": {}
    },
    "node_modules/@boris-remo/a": {
      "resolved": "packages/a",
      "link": true
    },
    "node_modules/@boris-remo/b": {
      "resolved": "packages/b",
      "link": true
    },
    "node_modules/classnames": {
      "version": "2.2.0",
      "resolved": "https://registry.npmjs.org/classnames/-/classnames-2.2.0.tgz",
      "integrity": "sha1-j2HfgfNWxF0Yox2D/eTfsZTqhyI="
    },
    "packages/a": {
      "name": "@boris-remo/a",
      "version": "0.7.0",
      "license": "ISC",
      "dependencies": {
        "classnames": "2.2.0"
      }
    },
    "packages/b": {
      "name": "@boris-remo/b",
      "version": "0.7.0",
      "license": "ISC",
      "dependencies": {
        "@boris-remo/a": "^0.7.0",
        "classnames": "^2.0.0"
      }
    },
    "packages/b/node_modules/classnames": {
      "version": "2.3.1",
      "resolved": "https://registry.npmjs.org/classnames/-/classnames-2.3.1.tgz",
      "integrity": "sha512-OlQdbZ7gLfGarSqxesMesDa5uz7KFbID8Kpq/SxIoNGDqY8lSYs0D+hhtBXhcdB3rcbXArFr7vlHheLk1voeNA=="
    }
  },
  "dependencies": {
    "@boris-remo/a": {
      "version": "file:packages/a",
      "requires": {
        "classnames": "2.2.0"
      }
    },
    "@boris-remo/b": {
      "version": "file:packages/b",
      "requires": {
        "@boris-remo/a": "^0.7.0",
        "classnames": "^2.0.0"
      },
      "dependencies": {
        "classnames": {
          "version": "2.3.1",
          "resolved": "https://registry.npmjs.org/classnames/-/classnames-2.3.1.tgz",
          "integrity": "sha512-OlQdbZ7gLfGarSqxesMesDa5uz7KFbID8Kpq/SxIoNGDqY8lSYs0D+hhtBXhcdB3rcbXArFr7vlHheLk1voeNA=="
        }
      }
    },
    "classnames": {
      "version": "2.2.0",
      "resolved": "https://registry.npmjs.org/classnames/-/classnames-2.2.0.tgz",
      "integrity": "sha1-j2HfgfNWxF0Yox2D/eTfsZTqhyI="
    }
  }
}
