{
  "name": "@boris-remo/b",
  "version": "0.7.0",
  "lockfileVersion": 2,
  "requires": true,
  "packages": {
    "": {
      "name": "@boris-remo/b",
      "version": "0.7.0",
      "license": "ISC",
      "dependencies": {
        "@boris-remo/a": "^0.7.0",
        "classnames": "^2.0.0"
      }
    },
    "node_modules/@boris-remo/a": {
      "version": "0.7.0",
      "resolved": "https://npm.pkg.github.com/download/@boris-remo/a/0.7.0/3758c38d6b04f64e88a199cfe04a7684963b5f776b209a37414260c06f49586a",
      "integrity": "sha512-qnYKfuIlaAWcNvABOXr6cOddU+mOUHZojGmPth9ChXvgXmtzcheZWY2lzYnTR6pDmD1kio8op9vzx1oI0Fvrng==",
      "license": "ISC"
    },
    "node_modules/classnames": {
      "version": "2.0.0",
      "resolved": "https://registry.npmjs.org/classnames/-/classnames-2.0.0.tgz",
      "integrity": "sha1-PmydUjHCJOeS5Xmhgx10Xc+S6ik="
    }
  },
  "dependencies": {
    "@boris-remo/a": {
      "version": "0.7.0",
      "resolved": "https://npm.pkg.github.com/download/@boris-remo/a/0.7.0/3758c38d6b04f64e88a199cfe04a7684963b5f776b209a37414260c06f49586a",
      "integrity": "sha512-qnYKfuIlaAWcNvABOXr6cOddU+mOUHZojGmPth9ChXvgXmtzcheZWY2lzYnTR6pDmD1kio8op9vzx1oI0Fvrng=="
    },
    "classnames": {
      "version": "2.0.0",
      "resolved": "https://registry.npmjs.org/classnames/-/classnames-2.0.0.tgz",
      "integrity": "sha1-PmydUjHCJOeS5Xmhgx10Xc+S6ik="
    }
  }
}
